
Microsoft Visual Studio Solution File, Format Version 12.00
# Visual Studio Version 16
VisualStudioVersion = 16.0.31129.286
MinimumVisualStudioVersion = 10.0.40219.1
Project("{8BC9CEB8-8B4A-11D0-8D11-00A0C91BC942}") = "IgraŽivota", "IgraŽivota\IgraŽivota.vcxproj", "{2A54C88C-1BF7-41BD-A063-3C32E2E5302A}"
EndProject
Global
	GlobalSection(SolutionConfigurationPlatforms) = preSolution
		Debug|x64 = Debug|x64
		Debug|x86 = Debug|x86
		Release|x64 = Release|x64
		Release|x86 = Release|x86
	EndGlobalSection
	GlobalSection(ProjectConfigurationPlatforms) = postSolution
		{2A54C88C-1BF7-41BD-A063-3C32E2E5302A}.Debug|x64.ActiveCfg = Debug|x64
		{2A54C88C-1BF7-41BD-A063-3C32E2E5302A}.Debug|x64.Build.0 = Debug|x64
		{2A54C88C-1BF7-41BD-A063-3C32E2E5302A}.Debug|x86.ActiveCfg = Debug|Win32
		{2A54C88C-1BF7-41BD-A063-3C32E2E5302A}.Debug|x86.Build.0 = Debug|Win32
		{2A54C88C-1BF7-41BD-A063-3C32E2E5302A}.Release|x64.ActiveCfg = Release|x64
		{2A54C88C-1BF7-41BD-A063-3C32E2E5302A}.Release|x64.Build.0 = Release|x64
		{2A54C88C-1BF7-41BD-A063-3C32E2E5302A}.Release|x86.ActiveCfg = Release|Win32
		{2A54C88C-1BF7-41BD-A063-3C32E2E5302A}.Release|x86.Build.0 = Release|Win32
	EndGlobalSection
	GlobalSection(SolutionProperties) = preSolution
		HideSolutionNode = FALSE
	EndGlobalSection
	GlobalSection(ExtensibilityGlobals) = postSolution
		SolutionGuid = {F1B4D42A-54EA-4853-9E4B-937DFF1A17C2}
	EndGlobalSection
EndGlobal
